
Microsoft Visual Studio Solution File, Format Version 11.00
# Visual Studio 2010
Project("{8BC9CEB8-8B4A-11D0-8D11-00A0C91BC942}") = "LootBox", "LootBox\LootBox.vcxproj", "{F12F747C-8E43-42C6-AF46-DAA6ECA078DE}"
EndProject
Global
	GlobalSection(SubversionScc) = preSolution
		Svn-Managed = True
		Manager = AnkhSVN - Subversion Support for Visual Studio
	EndGlobalSection
	GlobalSection(SolutionConfigurationPlatforms) = preSolution
		Debug GDI|Win32 = Debug GDI|Win32
		Debug GDI+|Win32 = Debug GDI+|Win32
		Debug|Win32 = Debug|Win32
		Release GDI|Win32 = Release GDI|Win32
		Release GDI+|Win32 = Release GDI+|Win32
		Release|Win32 = Release|Win32
	EndGlobalSection
	GlobalSection(ProjectConfigurationPlatforms) = postSolution
		{F12F747C-8E43-42C6-AF46-DAA6ECA078DE}.Debug GDI|Win32.ActiveCfg = Debug GDI|Win32
		{F12F747C-8E43-42C6-AF46-DAA6ECA078DE}.Debug GDI|Win32.Build.0 = Debug GDI|Win32
		{F12F747C-8E43-42C6-AF46-DAA6ECA078DE}.Debug GDI+|Win32.ActiveCfg = Debug|Win32
		{F12F747C-8E43-42C6-AF46-DAA6ECA078DE}.Debug GDI+|Win32.Build.0 = Debug|Win32
		{F12F747C-8E43-42C6-AF46-DAA6ECA078DE}.Debug|Win32.ActiveCfg = Debug|Win32
		{F12F747C-8E43-42C6-AF46-DAA6ECA078DE}.Debug|Win32.Build.0 = Debug|Win32
		{F12F747C-8E43-42C6-AF46-DAA6ECA078DE}.Release GDI|Win32.ActiveCfg = Release GDI|Win32
		{F12F747C-8E43-42C6-AF46-DAA6ECA078DE}.Release GDI|Win32.Build.0 = Release GDI|Win32
		{F12F747C-8E43-42C6-AF46-DAA6ECA078DE}.Release GDI+|Win32.ActiveCfg = Release|Win32
		{F12F747C-8E43-42C6-AF46-DAA6ECA078DE}.Release GDI+|Win32.Build.0 = Release|Win32
		{F12F747C-8E43-42C6-AF46-DAA6ECA078DE}.Release|Win32.ActiveCfg = Release|Win32
		{F12F747C-8E43-42C6-AF46-DAA6ECA078DE}.Release|Win32.Build.0 = Release|Win32
	EndGlobalSection
	GlobalSection(SolutionProperties) = preSolution
		HideSolutionNode = FALSE
	EndGlobalSection
	GlobalSection(ExtensibilityGlobals) = postSolution
		VisualSVNWorkingCopyRoot = .
	EndGlobalSection
EndGlobal
